{
  "nodes": {
    "flake-utils": {
      "locked": {
        "lastModified": 1644229661,
        "narHash": "sha256-1YdnJAsNy69bpcjuoKdOYQX0YxZBiCYZo4Twxerqv7k=",
        "owner": "numtide",
        "repo": "flake-utils",
        "rev": "3cecb5b042f7f209c56ffd8371b2711a290ec797",
        "type": "github"
      },
      "original": {
        "owner": "numtide",
        "repo": "flake-utils",
        "type": "github"
      }
    },
    "nix-github-actions": {
      "inputs": {
        "nixpkgs": [
          "poetry2nix",
          "nixpkgs"
        ]
      },
      "locked": {
        "lastModified": 1688870561,
        "narHash": "sha256-4UYkifnPEw1nAzqqPOTL2MvWtm3sNGw1UTYTalkTcGY=",
        "owner": "nix-community",
        "repo": "nix-github-actions",
        "rev": "165b1650b753316aa7f1787f3005a8d2da0f5301",
        "type": "github"
      },
      "original": {
        "owner": "nix-community",
        "repo": "nix-github-actions",
        "type": "github"
      }
    },
    "nixpkgs": {
      "locked": {
        "lastModified": 1692207601,
        "narHash": "sha256-tfPGNKQcJT1cvT6ufqO/7ydYNL6mcJClvzbrzhKjB80=",
        "owner": "NixOS",
        "repo": "nixpkgs",
        "rev": "b30c68669df77d981ce4aefd6b9d378563f6fc4e",
        "type": "github"
      },
      "original": {
        "owner": "NixOS",
        "ref": "nixos-23.05",
        "repo": "nixpkgs",
        "type": "github"
      }
    },
    "poetry2nix": {
      "inputs": {
        "flake-utils": [
          "utils",
          "flake-utils"
        ],
        "nix-github-actions": "nix-github-actions",
        "nixpkgs": [
          "nixpkgs"
        ]
      },
      "locked": {
        "lastModified": 1692186369,
        "narHash": "sha256-JlyuIfrxkgP71OQrvrAk1cgnIkJxYEFLiXM/5KiPkbg=",
        "owner": "nix-community",
        "repo": "poetry2nix",
        "rev": "fcdb6dafc7af8cde37454fa6fc84e7e0391e2c06",
        "type": "github"
      },
      "original": {
        "owner": "nix-community",
        "repo": "poetry2nix",
        "type": "github"
      }
    },
    "root": {
      "inputs": {
        "nixpkgs": "nixpkgs",
        "poetry2nix": "poetry2nix",
        "utils": "utils"
      }
    },
    "utils": {
      "inputs": {
        "flake-utils": "flake-utils"
      },
      "locked": {
        "lastModified": 1657226504,
        "narHash": "sha256-GIYNjuq4mJlFgqKsZ+YrgzWm0IpA4axA3MCrdKYj7gs=",
        "owner": "gytis-ivaskevicius",
        "repo": "flake-utils-plus",
        "rev": "2bf0f91643c2e5ae38c1b26893ac2927ac9bd82a",
        "type": "github"
      },
      "original": {
        "owner": "gytis-ivaskevicius",
        "repo": "flake-utils-plus",
        "type": "github"
      }
    }
  },
  "root": "root",
  "version": 7
}
