[[package]]
name = "certifi"
version = "2022.12.7"
description = "Python package for providing Mozilla's CA Bundle."
category = "main"
optional = false
python-versions = ">=3.6"

[[package]]
name = "charset-normalizer"
version = "2.1.1"
description = "The Real First Universal Charset Detector. Open, modern and actively maintained alternative to Chardet."
category = "main"
optional = false
python-versions = ">=3.6.0"

[package.extras]
unicode-backport = ["unicodedata2"]

[[package]]
name = "idna"
version = "3.4"
description = "Internationalized Domain Names in Applications (IDNA)"
category = "main"
optional = false
python-versions = ">=3.5"

[[package]]
name = "networkit"
version = "9.1.1"
description = "NetworKit is a toolbox for high-performance network analysis"
category = "main"
optional = false
python-versions = "*"

[package.dependencies]
numpy = "*"
scipy = "*"

[[package]]
name = "networkx"
version = "2.8.7"
description = "Python package for creating and manipulating graphs and networks"
category = "main"
optional = false
python-versions = ">=3.8"

[package.extras]
default = ["matplotlib (>=3.4)", "numpy (>=1.19)", "pandas (>=1.3)", "scipy (>=1.8)"]
developer = ["mypy (>=0.981)", "pre-commit (>=2.20)"]
doc = ["nb2plots (>=0.6)", "numpydoc (>=1.4)", "pillow (>=9.1)", "pydata-sphinx-theme (>=0.9)", "sphinx (>=5)", "sphinx-gallery (>=0.10)", "texext (>=0.6.6)"]
extra = ["lxml (>=4.6)", "pydot (>=1.4.2)", "pygraphviz (>=1.9)", "sympy (>=1.10)"]
test = ["codecov (>=2.1)", "pytest (>=7.1)", "pytest-cov (>=3.0)"]

[[package]]
name = "numpy"
version = "1.23.3"
description = "NumPy is the fundamental package for array computing with Python."
category = "main"
optional = false
python-versions = ">=3.8"

[[package]]
name = "pandas"
version = "1.5.0"
description = "Powerful data structures for data analysis, time series, and statistics"
category = "main"
optional = false
python-versions = ">=3.8"

[package.dependencies]
numpy = [
    {version = ">=1.20.3", markers = "python_version < \"3.10\""},
    {version = ">=1.21.0", markers = "python_version >= \"3.10\""},
]
python-dateutil = ">=2.8.1"
pytz = ">=2020.1"

[package.extras]
test = ["hypothesis (>=5.5.3)", "pytest (>=6.0)", "pytest-xdist (>=1.31)"]

[[package]]
name = "python-dateutil"
version = "2.8.2"
description = "Extensions to the standard Python datetime module"
category = "main"
optional = false
python-versions = "!=3.0.*,!=3.1.*,!=3.2.*,>=2.7"

[package.dependencies]
six = ">=1.5"

[[package]]
name = "pytz"
version = "2022.4"
description = "World timezone definitions, modern and historical"
category = "main"
optional = false
python-versions = "*"

[[package]]
name = "requests"
version = "2.28.1"
description = "Python HTTP for Humans."
category = "main"
optional = false
python-versions = ">=3.7, <4"

[package.dependencies]
certifi = ">=2017.4.17"
charset-normalizer = ">=2,<3"
idna = ">=2.5,<4"
urllib3 = ">=1.21.1,<1.27"

[package.extras]
socks = ["PySocks (>=1.5.6,!=1.5.7)"]
use-chardet-on-py3 = ["chardet (>=3.0.2,<6)"]

[[package]]
name = "scipy"
version = "1.6.1"
description = "SciPy: Scientific Library for Python"
category = "main"
optional = false
python-versions = ">=3.7"

[package.dependencies]
numpy = ">=1.16.5"

[[package]]
name = "six"
version = "1.16.0"
description = "Python 2 and 3 compatibility utilities"
category = "main"
optional = false
python-versions = ">=2.7, !=3.0.*, !=3.1.*, !=3.2.*"

[[package]]
name = "urllib3"
version = "1.26.12"
description = "HTTP library with thread-safe connection pooling, file post, and more."
category = "main"
optional = false
python-versions = ">=2.7, !=3.0.*, !=3.1.*, !=3.2.*, !=3.3.*, !=3.4.*, !=3.5.*, <4"

[package.extras]
brotli = ["brotli (>=1.0.9)", "brotlicffi (>=0.8.0)", "brotlipy (>=0.6.0)"]
secure = ["certifi", "cryptography (>=1.3.4)", "idna (>=2.0.0)", "ipaddress", "pyOpenSSL (>=0.14)", "urllib3-secure-extra"]
socks = ["PySocks (>=1.5.6,!=1.5.7,<2.0)"]

[metadata]
lock-version = "1.1"
python-versions = ">=3.9,<3.11"
content-hash = "df83e43fbc70a6cdfe67381972647e3299963e133d32cb58b17c7e1fdc9b9a7c"

[metadata.files]
certifi = [
    {file = "certifi-2022.12.7-py3-none-any.whl", hash = "sha256:4ad3232f5e926d6718ec31cfc1fcadfde020920e278684144551c91769c7bc18"},
    {file = "certifi-2022.12.7.tar.gz", hash = "sha256:35824b4c3a97115964b408844d64aa14db1cc518f6562e8d7261699d1350a9e3"},
]
charset-normalizer = [
    {file = "charset-normalizer-2.1.1.tar.gz", hash = "sha256:5a3d016c7c547f69d6f81fb0db9449ce888b418b5b9952cc5e6e66843e9dd845"},
    {file = "charset_normalizer-2.1.1-py3-none-any.whl", hash = "sha256:83e9a75d1911279afd89352c68b45348559d1fc0506b054b346651b5e7fee29f"},
]
idna = [
    {file = "idna-3.4-py3-none-any.whl", hash = "sha256:90b77e79eaa3eba6de819a0c442c0b4ceefc341a7a2ab77d7562bf49f425c5c2"},
    {file = "idna-3.4.tar.gz", hash = "sha256:814f528e8dead7d329833b91c5faa87d60bf71824cd12a7530b5526063d02cb4"},
]
networkit = [
    {file = "networkit-9.1.1-cp310-cp310-macosx_10_9_x86_64.whl", hash = "sha256:6b550bd19037ac4a73d200d7b7ed77993153110b54722ed702aea903c9b05d3d"},
    {file = "networkit-9.1.1-cp310-cp310-macosx_12_0_arm64.whl", hash = "sha256:e65003cf03ac3552fb6279140f11c6cbc8073e70c35b084ec1b33a741e0d1fbb"},
    {file = "networkit-9.1.1-cp310-cp310-manylinux_2_12_x86_64.manylinux2010_x86_64.whl", hash = "sha256:2ecd247974a60614a5f03466de7636ca48274e835ad804734d851b9a02346a79"},
    {file = "networkit-9.1.1-cp310-cp310-manylinux_2_17_aarch64.manylinux2014_aarch64.whl", hash = "sha256:a7c62c477b8d284b0a02e5cd4465972a1885ef25c83b6be8c45a32dcac286f3e"},
    {file = "networkit-9.1.1-cp310-cp310-win_amd64.whl", hash = "sha256:f6416be71bd9a3566e6d6001da5356e3935ffe55e184c32f6281342b6061d0bc"},
    {file = "networkit-9.1.1-cp38-cp38-macosx_10_9_x86_64.whl", hash = "sha256:d702b12e5f7a46889895ddcacecf7ef1575d64bb5b8d4551a8b4538bae510d31"},
    {file = "networkit-9.1.1-cp38-cp38-manylinux_2_12_x86_64.manylinux2010_x86_64.whl", hash = "sha256:a934c7920af95ab97fc6dc3d05cf4fcb66a0160885fa53c3914566ada6b5b839"},
    {file = "networkit-9.1.1-cp38-cp38-win_amd64.whl", hash = "sha256:f895899b9036f5975358f0d41ee6147aeb82d4114d31045258261b5d64ae3a63"},
    {file = "networkit-9.1.1-cp39-cp39-macosx_10_9_x86_64.whl", hash = "sha256:4c28eea9de8c695f76218d1db92c0a47bd20bce2b96a568c2a29df86bfbf9519"},
    {file = "networkit-9.1.1-cp39-cp39-macosx_12_0_arm64.whl", hash = "sha256:69fad09e3a86fc565e213b1d7915eef98f37d51a995e4df68c5cd38de7c8a326"},
    {file = "networkit-9.1.1-cp39-cp39-manylinux_2_12_x86_64.manylinux2010_x86_64.whl", hash = "sha256:3f90f062f9ab42f3bcfbd7e54dc0bf35307492e5634fead98866e53a9795cc9a"},
    {file = "networkit-9.1.1-cp39-cp39-win_amd64.whl", hash = "sha256:af32ccbb7ed0e2ed439f081cffc543e2866e44613c117ce1cecdc18cb4d88750"},
    {file = "networkit-9.1.1.tar.gz", hash = "sha256:3f5eeb5a41ca5157a12fbe215937680e59551109a1c195c51cd153bd09385a55"},
]
networkx = [
    {file = "networkx-2.8.7-py3-none-any.whl", hash = "sha256:15cdf7f7c157637107ea690cabbc488018f8256fa28242aed0fb24c93c03a06d"},
    {file = "networkx-2.8.7.tar.gz", hash = "sha256:815383fd52ece0a7024b5fd8408cc13a389ea350cd912178b82eed8b96f82cd3"},
]
numpy = [
    {file = "numpy-1.23.3-cp310-cp310-macosx_10_9_x86_64.whl", hash = "sha256:c9f707b5bb73bf277d812ded9896f9512a43edff72712f31667d0a8c2f8e71ee"},
    {file = "numpy-1.23.3-cp310-cp310-macosx_11_0_arm64.whl", hash = "sha256:ffcf105ecdd9396e05a8e58e81faaaf34d3f9875f137c7372450baa5d77c9a54"},
    {file = "numpy-1.23.3-cp310-cp310-manylinux_2_17_aarch64.manylinux2014_aarch64.whl", hash = "sha256:0ea3f98a0ffce3f8f57675eb9119f3f4edb81888b6874bc1953f91e0b1d4f440"},
    {file = "numpy-1.23.3-cp310-cp310-manylinux_2_17_x86_64.manylinux2014_x86_64.whl", hash = "sha256:004f0efcb2fe1c0bd6ae1fcfc69cc8b6bf2407e0f18be308612007a0762b4089"},
    {file = "numpy-1.23.3-cp310-cp310-win32.whl", hash = "sha256:98dcbc02e39b1658dc4b4508442a560fe3ca5ca0d989f0df062534e5ca3a5c1a"},
    {file = "numpy-1.23.3-cp310-cp310-win_amd64.whl", hash = "sha256:39a664e3d26ea854211867d20ebcc8023257c1800ae89773cbba9f9e97bae036"},
    {file = "numpy-1.23.3-cp311-cp311-macosx_10_9_x86_64.whl", hash = "sha256:1f27b5322ac4067e67c8f9378b41c746d8feac8bdd0e0ffede5324667b8a075c"},
    {file = "numpy-1.23.3-cp311-cp311-macosx_11_0_arm64.whl", hash = "sha256:2ad3ec9a748a8943e6eb4358201f7e1c12ede35f510b1a2221b70af4bb64295c"},
    {file = "numpy-1.23.3-cp311-cp311-manylinux_2_17_aarch64.manylinux2014_aarch64.whl", hash = "sha256:bdc9febce3e68b697d931941b263c59e0c74e8f18861f4064c1f712562903411"},
    {file = "numpy-1.23.3-cp311-cp311-manylinux_2_17_x86_64.manylinux2014_x86_64.whl", hash = "sha256:301c00cf5e60e08e04d842fc47df641d4a181e651c7135c50dc2762ffe293dbd"},
    {file = "numpy-1.23.3-cp311-cp311-win32.whl", hash = "sha256:7cd1328e5bdf0dee621912f5833648e2daca72e3839ec1d6695e91089625f0b4"},
    {file = "numpy-1.23.3-cp311-cp311-win_amd64.whl", hash = "sha256:8355fc10fd33a5a70981a5b8a0de51d10af3688d7a9e4a34fcc8fa0d7467bb7f"},
    {file = "numpy-1.23.3-cp38-cp38-macosx_10_9_x86_64.whl", hash = "sha256:bc6e8da415f359b578b00bcfb1d08411c96e9a97f9e6c7adada554a0812a6cc6"},
    {file = "numpy-1.23.3-cp38-cp38-macosx_11_0_arm64.whl", hash = "sha256:22d43376ee0acd547f3149b9ec12eec2f0ca4a6ab2f61753c5b29bb3e795ac4d"},
    {file = "numpy-1.23.3-cp38-cp38-manylinux_2_17_aarch64.manylinux2014_aarch64.whl", hash = "sha256:a64403f634e5ffdcd85e0b12c08f04b3080d3e840aef118721021f9b48fc1460"},
    {file = "numpy-1.23.3-cp38-cp38-manylinux_2_17_x86_64.manylinux2014_x86_64.whl", hash = "sha256:efd9d3abe5774404becdb0748178b48a218f1d8c44e0375475732211ea47c67e"},
    {file = "numpy-1.23.3-cp38-cp38-win32.whl", hash = "sha256:f8c02ec3c4c4fcb718fdf89a6c6f709b14949408e8cf2a2be5bfa9c49548fd85"},
    {file = "numpy-1.23.3-cp38-cp38-win_amd64.whl", hash = "sha256:e868b0389c5ccfc092031a861d4e158ea164d8b7fdbb10e3b5689b4fc6498df6"},
    {file = "numpy-1.23.3-cp39-cp39-macosx_10_9_x86_64.whl", hash = "sha256:09f6b7bdffe57fc61d869a22f506049825d707b288039d30f26a0d0d8ea05164"},
    {file = "numpy-1.23.3-cp39-cp39-macosx_11_0_arm64.whl", hash = "sha256:8c79d7cf86d049d0c5089231a5bcd31edb03555bd93d81a16870aa98c6cfb79d"},
    {file = "numpy-1.23.3-cp39-cp39-manylinux_2_17_aarch64.manylinux2014_aarch64.whl", hash = "sha256:e5d5420053bbb3dd64c30e58f9363d7a9c27444c3648e61460c1237f9ec3fa14"},
    {file = "numpy-1.23.3-cp39-cp39-manylinux_2_17_x86_64.manylinux2014_x86_64.whl", hash = "sha256:d5422d6a1ea9b15577a9432e26608c73a78faf0b9039437b075cf322c92e98e7"},
    {file = "numpy-1.23.3-cp39-cp39-win32.whl", hash = "sha256:c1ba66c48b19cc9c2975c0d354f24058888cdc674bebadceb3cdc9ec403fb5d1"},
    {file = "numpy-1.23.3-cp39-cp39-win_amd64.whl", hash = "sha256:78a63d2df1d947bd9d1b11d35564c2f9e4b57898aae4626638056ec1a231c40c"},
    {file = "numpy-1.23.3-pp38-pypy38_pp73-macosx_10_9_x86_64.whl", hash = "sha256:17c0e467ade9bda685d5ac7f5fa729d8d3e76b23195471adae2d6a6941bd2c18"},
    {file = "numpy-1.23.3-pp38-pypy38_pp73-manylinux_2_17_x86_64.manylinux2014_x86_64.whl", hash = "sha256:91b8d6768a75247026e951dce3b2aac79dc7e78622fc148329135ba189813584"},
    {file = "numpy-1.23.3-pp38-pypy38_pp73-win_amd64.whl", hash = "sha256:94c15ca4e52671a59219146ff584488907b1f9b3fc232622b47e2cf832e94fb8"},
    {file = "numpy-1.23.3.tar.gz", hash = "sha256:51bf49c0cd1d52be0a240aa66f3458afc4b95d8993d2d04f0d91fa60c10af6cd"},
]
pandas = [
    {file = "pandas-1.5.0-cp310-cp310-macosx_10_9_universal2.whl", hash = "sha256:0d8d7433d19bfa33f11c92ad9997f15a902bda4f5ad3a4814a21d2e910894484"},
    {file = "pandas-1.5.0-cp310-cp310-macosx_10_9_x86_64.whl", hash = "sha256:5cc47f2ebaa20ef96ae72ee082f9e101b3dfbf74f0e62c7a12c0b075a683f03c"},
    {file = "pandas-1.5.0-cp310-cp310-macosx_11_0_arm64.whl", hash = "sha256:8e8e5edf97d8793f51d258c07c629bd49d271d536ce15d66ac00ceda5c150eb3"},
    {file = "pandas-1.5.0-cp310-cp310-manylinux_2_17_aarch64.manylinux2014_aarch64.whl", hash = "sha256:41aec9f87455306496d4486df07c1b98c15569c714be2dd552a6124cd9fda88f"},
    {file = "pandas-1.5.0-cp310-cp310-manylinux_2_17_x86_64.manylinux2014_x86_64.whl", hash = "sha256:c76f1d104844c5360c21d2ef0e1a8b2ccf8b8ebb40788475e255b9462e32b2be"},
    {file = "pandas-1.5.0-cp310-cp310-win_amd64.whl", hash = "sha256:1642fc6138b4e45d57a12c1b464a01a6d868c0148996af23f72dde8d12486bbc"},
    {file = "pandas-1.5.0-cp311-cp311-macosx_10_9_universal2.whl", hash = "sha256:171cef540bfcec52257077816a4dbbac152acdb8236ba11d3196ae02bf0959d8"},
    {file = "pandas-1.5.0-cp311-cp311-macosx_10_9_x86_64.whl", hash = "sha256:a68a9b9754efff364b0c5ee5b0f18e15ca640c01afe605d12ba8b239ca304d6b"},
    {file = "pandas-1.5.0-cp311-cp311-macosx_11_0_arm64.whl", hash = "sha256:86d87279ebc5bc20848b4ceb619073490037323f80f515e0ec891c80abad958a"},
    {file = "pandas-1.5.0-cp311-cp311-manylinux_2_17_aarch64.manylinux2014_aarch64.whl", hash = "sha256:207d63ac851e60ec57458814613ef4b3b6a5e9f0b33c57623ba2bf8126c311f8"},
    {file = "pandas-1.5.0-cp311-cp311-manylinux_2_17_x86_64.manylinux2014_x86_64.whl", hash = "sha256:e252a9e49b233ff96e2815c67c29702ac3a062098d80a170c506dff3470fd060"},
    {file = "pandas-1.5.0-cp311-cp311-win_amd64.whl", hash = "sha256:de34636e2dc04e8ac2136a8d3c2051fd56ebe9fd6cd185581259330649e73ca9"},
    {file = "pandas-1.5.0-cp38-cp38-macosx_10_9_universal2.whl", hash = "sha256:1d34b1f43d9e3f4aea056ba251f6e9b143055ebe101ed04c847b41bb0bb4a989"},
    {file = "pandas-1.5.0-cp38-cp38-macosx_10_9_x86_64.whl", hash = "sha256:1b82ccc7b093e0a93f8dffd97a542646a3e026817140e2c01266aaef5fdde11b"},
    {file = "pandas-1.5.0-cp38-cp38-macosx_11_0_arm64.whl", hash = "sha256:4e30a31039574d96f3d683df34ccb50bb435426ad65793e42a613786901f6761"},
    {file = "pandas-1.5.0-cp38-cp38-manylinux_2_17_aarch64.manylinux2014_aarch64.whl", hash = "sha256:62e61003411382e20d7c2aec1ee8d7c86c8b9cf46290993dd8a0a3be44daeb38"},
    {file = "pandas-1.5.0-cp38-cp38-manylinux_2_17_x86_64.manylinux2014_x86_64.whl", hash = "sha256:fc987f7717e53d372f586323fff441263204128a1ead053c1b98d7288f836ac9"},
    {file = "pandas-1.5.0-cp38-cp38-win32.whl", hash = "sha256:e178ce2d7e3b934cf8d01dc2d48d04d67cb0abfaffdcc8aa6271fd5a436f39c8"},
    {file = "pandas-1.5.0-cp38-cp38-win_amd64.whl", hash = "sha256:33a9d9e21ab2d91e2ab6e83598419ea6a664efd4c639606b299aae8097c1c94f"},
    {file = "pandas-1.5.0-cp39-cp39-macosx_10_9_universal2.whl", hash = "sha256:73844e247a7b7dac2daa9df7339ecf1fcf1dfb8cbfd11e3ffe9819ae6c31c515"},
    {file = "pandas-1.5.0-cp39-cp39-macosx_10_9_x86_64.whl", hash = "sha256:e9c5049333c5bebf993033f4bf807d163e30e8fada06e1da7fa9db86e2392009"},
    {file = "pandas-1.5.0-cp39-cp39-macosx_11_0_arm64.whl", hash = "sha256:85a516a7f6723ca1528f03f7851fa8d0360d1d6121cf15128b290cf79b8a7f6a"},
    {file = "pandas-1.5.0-cp39-cp39-manylinux_2_17_aarch64.manylinux2014_aarch64.whl", hash = "sha256:947ed9f896ee61adbe61829a7ae1ade493c5a28c66366ec1de85c0642009faac"},
    {file = "pandas-1.5.0-cp39-cp39-manylinux_2_17_x86_64.manylinux2014_x86_64.whl", hash = "sha256:c7f38d91f21937fe2bec9449570d7bf36ad7136227ef43b321194ec249e2149d"},
    {file = "pandas-1.5.0-cp39-cp39-win32.whl", hash = "sha256:2504c032f221ef9e4a289f5e46a42b76f5e087ecb67d62e342ccbba95a32a488"},
    {file = "pandas-1.5.0-cp39-cp39-win_amd64.whl", hash = "sha256:8a4fc04838615bf0a8d3a03ed68197f358054f0df61f390bcc64fbe39e3d71ec"},
    {file = "pandas-1.5.0.tar.gz", hash = "sha256:3ee61b881d2f64dd90c356eb4a4a4de75376586cd3c9341c6c0fcaae18d52977"},
]
python-dateutil = [
    {file = "python-dateutil-2.8.2.tar.gz", hash = "sha256:0123cacc1627ae19ddf3c27a5de5bd67ee4586fbdd6440d9748f8abb483d3e86"},
    {file = "python_dateutil-2.8.2-py2.py3-none-any.whl", hash = "sha256:961d03dc3453ebbc59dbdea9e4e11c5651520a876d0f4db161e8674aae935da9"},
]
pytz = [
    {file = "pytz-2022.4-py2.py3-none-any.whl", hash = "sha256:2c0784747071402c6e99f0bafdb7da0fa22645f06554c7ae06bf6358897e9c91"},
    {file = "pytz-2022.4.tar.gz", hash = "sha256:48ce799d83b6f8aab2020e369b627446696619e79645419610b9facd909b3174"},
]
requests = [
    {file = "requests-2.28.1-py3-none-any.whl", hash = "sha256:8fefa2a1a1365bf5520aac41836fbee479da67864514bdb821f31ce07ce65349"},
    {file = "requests-2.28.1.tar.gz", hash = "sha256:7c5599b102feddaa661c826c56ab4fee28bfd17f5abca1ebbe3e7f19d7c97983"},
]
scipy = [
    {file = "scipy-1.6.1-cp37-cp37m-macosx_10_9_x86_64.whl", hash = "sha256:a15a1f3fc0abff33e792d6049161b7795909b40b97c6cc2934ed54384017ab76"},
    {file = "scipy-1.6.1-cp37-cp37m-manylinux1_i686.whl", hash = "sha256:e79570979ccdc3d165456dd62041d9556fb9733b86b4b6d818af7a0afc15f092"},
    {file = "scipy-1.6.1-cp37-cp37m-manylinux1_x86_64.whl", hash = "sha256:a423533c55fec61456dedee7b6ee7dce0bb6bfa395424ea374d25afa262be261"},
    {file = "scipy-1.6.1-cp37-cp37m-manylinux2014_aarch64.whl", hash = "sha256:33d6b7df40d197bdd3049d64e8e680227151673465e5d85723b3b8f6b15a6ced"},
    {file = "scipy-1.6.1-cp37-cp37m-win32.whl", hash = "sha256:6725e3fbb47da428794f243864f2297462e9ee448297c93ed1dcbc44335feb78"},
    {file = "scipy-1.6.1-cp37-cp37m-win_amd64.whl", hash = "sha256:5fa9c6530b1661f1370bcd332a1e62ca7881785cc0f80c0d559b636567fab63c"},
    {file = "scipy-1.6.1-cp38-cp38-macosx_10_9_x86_64.whl", hash = "sha256:bd50daf727f7c195e26f27467c85ce653d41df4358a25b32434a50d8870fc519"},
    {file = "scipy-1.6.1-cp38-cp38-manylinux1_i686.whl", hash = "sha256:f46dd15335e8a320b0fb4685f58b7471702234cba8bb3442b69a3e1dc329c345"},
    {file = "scipy-1.6.1-cp38-cp38-manylinux1_x86_64.whl", hash = "sha256:0e5b0ccf63155d90da576edd2768b66fb276446c371b73841e3503be1d63fb5d"},
    {file = "scipy-1.6.1-cp38-cp38-manylinux2014_aarch64.whl", hash = "sha256:2481efbb3740977e3c831edfd0bd9867be26387cacf24eb5e366a6a374d3d00d"},
    {file = "scipy-1.6.1-cp38-cp38-win32.whl", hash = "sha256:68cb4c424112cd4be886b4d979c5497fba190714085f46b8ae67a5e4416c32b4"},
    {file = "scipy-1.6.1-cp38-cp38-win_amd64.whl", hash = "sha256:5f331eeed0297232d2e6eea51b54e8278ed8bb10b099f69c44e2558c090d06bf"},
    {file = "scipy-1.6.1-cp39-cp39-macosx_10_9_x86_64.whl", hash = "sha256:0c8a51d33556bf70367452d4d601d1742c0e806cd0194785914daf19775f0e67"},
    {file = "scipy-1.6.1-cp39-cp39-manylinux1_i686.whl", hash = "sha256:83bf7c16245c15bc58ee76c5418e46ea1811edcc2e2b03041b804e46084ab627"},
    {file = "scipy-1.6.1-cp39-cp39-manylinux1_x86_64.whl", hash = "sha256:794e768cc5f779736593046c9714e0f3a5940bc6dcc1dba885ad64cbfb28e9f0"},
    {file = "scipy-1.6.1-cp39-cp39-manylinux2014_aarch64.whl", hash = "sha256:5da5471aed911fe7e52b86bf9ea32fb55ae93e2f0fac66c32e58897cfb02fa07"},
    {file = "scipy-1.6.1-cp39-cp39-win32.whl", hash = "sha256:8e403a337749ed40af60e537cc4d4c03febddcc56cd26e774c9b1b600a70d3e4"},
    {file = "scipy-1.6.1-cp39-cp39-win_amd64.whl", hash = "sha256:a5193a098ae9f29af283dcf0041f762601faf2e595c0db1da929875b7570353f"},
    {file = "scipy-1.6.1.tar.gz", hash = "sha256:c4fceb864890b6168e79b0e714c585dbe2fd4222768ee90bc1aa0f8218691b11"},
]
six = [
    {file = "six-1.16.0-py2.py3-none-any.whl", hash = "sha256:8abb2f1d86890a2dfb989f9a77cfcfd3e47c2a354b01111771326f8aa26e0254"},
    {file = "six-1.16.0.tar.gz", hash = "sha256:1e61c37477a1626458e36f7b1d82aa5c9b094fa4802892072e49de9c60c4c926"},
]
urllib3 = [
    {file = "urllib3-1.26.12-py2.py3-none-any.whl", hash = "sha256:b930dd878d5a8afb066a637fbb35144fe7901e3b209d1cd4f524bd0e9deee997"},
    {file = "urllib3-1.26.12.tar.gz", hash = "sha256:3fa96cf423e6987997fc326ae8df396db2a8b7c667747d47ddd8ecba91f4a74e"},
]
